// !$*UTF8*$!
{ archiveVersion = 1; classes = {}; objectVersion = 56; objects = {
663596FE6CDDE5538DB351CE = { isa = PBXFileReference; lastKnownFileType = sourcecode.swift; path = "Sources/LifeApp/AppModel.swift"; sourceTree = "<group>"; };
048CF9D2F4289C615C19FD79 = { isa = PBXBuildFile; fileRef = 663596FE6CDDE5538DB351CE; };
549CDE4F0B39741C3300A846 = { isa = PBXFileReference; lastKnownFileType = sourcecode.swift; path = "Sources/LifeApp/DailyViews.swift"; sourceTree = "<group>"; };
1ACB367210519DFB89668513 = { isa = PBXBuildFile; fileRef = 549CDE4F0B39741C3300A846; };
9E13BDD033323881C203CC8B = { isa = PBXFileReference; lastKnownFileType = sourcecode.swift; path = "Sources/LifeApp/DataChecks.swift"; sourceTree = "<group>"; };
6EBF34D44187AC0A70C6448C = { isa = PBXBuildFile; fileRef = 9E13BDD033323881C203CC8B; };
8678DF782FDEE7D9ADB53428 = { isa = PBXFileReference; lastKnownFileType = sourcecode.swift; path = "Sources/LifeApp/DesignSystem.swift"; sourceTree = "<group>"; };
32ECE09F20E8757A978E82AF = { isa = PBXBuildFile; fileRef = 8678DF782FDEE7D9ADB53428; };
05665F6930235DF8A8B70A94 = { isa = PBXFileReference; lastKnownFileType = sourcecode.swift; path = "Sources/LifeApp/HomeView.swift"; sourceTree = "<group>"; };
C053926E0E4CE688DE7A575A = { isa = PBXBuildFile; fileRef = 05665F6930235DF8A8B70A94; };
01E73C34255BDE939AA6C2CA = { isa = PBXFileReference; lastKnownFileType = sourcecode.swift; path = "Sources/LifeApp/LifeApplication.swift"; sourceTree = "<group>"; };
020D7867FEE52D0B90923912 = { isa = PBXBuildFile; fileRef = 01E73C34255BDE939AA6C2CA; };
B692AA593618A1FC0B77664D = { isa = PBXFileReference; lastKnownFileType = sourcecode.swift; path = "Sources/LifeApp/LifestyleViews.swift"; sourceTree = "<group>"; };
D6221D2F3325AA939D05269A = { isa = PBXBuildFile; fileRef = B692AA593618A1FC0B77664D; };
E2D80A5CA29841A8B1EB361F = { isa = PBXFileReference; lastKnownFileType = sourcecode.swift; path = "Sources/LifeApp/NativeChecks.swift"; sourceTree = "<group>"; };
5F80145D56692388793F4B27 = { isa = PBXBuildFile; fileRef = E2D80A5CA29841A8B1EB361F; };
661DEE7D0A162E96744F4C27 = { isa = PBXFileReference; lastKnownFileType = sourcecode.swift; path = "Sources/LifeApp/Notifications.swift"; sourceTree = "<group>"; };
E1CBE7473E89E6E56505A6BA = { isa = PBXBuildFile; fileRef = 661DEE7D0A162E96744F4C27; };
E1DF4DA5FE31620D68ABA3E5 = { isa = PBXFileReference; lastKnownFileType = sourcecode.swift; path = "Sources/LifeApp/RootView.swift"; sourceTree = "<group>"; };
F8A750D09B35F4205D024FFF = { isa = PBXBuildFile; fileRef = E1DF4DA5FE31620D68ABA3E5; };
434FB8F76B16F94C90E98691 = { isa = PBXFileReference; lastKnownFileType = sourcecode.swift; path = "Sources/LifeApp/SettingsView.swift"; sourceTree = "<group>"; };
F45F73DE25E3FD03EC6F4920 = { isa = PBXBuildFile; fileRef = 434FB8F76B16F94C90E98691; };
436D9AFD3BBBE052E4D88B51 = { isa = PBXFileReference; lastKnownFileType = sourcecode.swift; path = "Sources/LifeApp/TrainingViews.swift"; sourceTree = "<group>"; };
9A17AB7EF5711E8B78961DD3 = { isa = PBXBuildFile; fileRef = 436D9AFD3BBBE052E4D88B51; };
0E8737DEE7E260C4C7A97556 = { isa = PBXFileReference; lastKnownFileType = sourcecode.swift; path = "UITests/PersonalLifeUITests.swift"; sourceTree = "<group>"; };
2EE6A42E356D2BC61E6E905D = { isa = PBXBuildFile; fileRef = 0E8737DEE7E260C4C7A97556; };
8BCD5BC4CDFDF0918087C782 = { isa = PBXFileReference; explicitFileType = wrapper.application; path = PersonalLife.app; sourceTree = BUILT_PRODUCTS_DIR; };
F219C0274590DA45E4BEF1EA = { isa = PBXFileReference; explicitFileType = wrapper.cfbundle; path = PersonalLifeUITests.xctest; sourceTree = BUILT_PRODUCTS_DIR; };
FBDC4F23F93125BBEEAE800C = { isa = PBXGroup; children = (8BCD5BC4CDFDF0918087C782,F219C0274590DA45E4BEF1EA); name = Products; sourceTree = "<group>"; };
E50290A24C49A459B43487C5 = { isa = PBXGroup; children = (663596FE6CDDE5538DB351CE,549CDE4F0B39741C3300A846,9E13BDD033323881C203CC8B,8678DF782FDEE7D9ADB53428,05665F6930235DF8A8B70A94,01E73C34255BDE939AA6C2CA,B692AA593618A1FC0B77664D,E2D80A5CA29841A8B1EB361F,661DEE7D0A162E96744F4C27,E1DF4DA5FE31620D68ABA3E5,434FB8F76B16F94C90E98691,436D9AFD3BBBE052E4D88B51,0E8737DEE7E260C4C7A97556,FBDC4F23F93125BBEEAE800C); sourceTree = "<group>"; };
582681C2EAE02B3F3D399C0C = { isa = XCLocalSwiftPackageReference; relativePath = .; };
94A0426E8D3203DA5468CCF0 = { isa = XCSwiftPackageProductDependency; package = 582681C2EAE02B3F3D399C0C; productName = LifeCore; };
ABFE60E429B642B2B45ADF15 = { isa = PBXBuildFile; productRef = 94A0426E8D3203DA5468CCF0; };
971ED9D05B25DB6C4D7680D4 = { isa = PBXSourcesBuildPhase; buildActionMask = 2147483647; files = (048CF9D2F4289C615C19FD79,1ACB367210519DFB89668513,6EBF34D44187AC0A70C6448C,32ECE09F20E8757A978E82AF,C053926E0E4CE688DE7A575A,020D7867FEE52D0B90923912,D6221D2F3325AA939D05269A,5F80145D56692388793F4B27,E1CBE7473E89E6E56505A6BA,F8A750D09B35F4205D024FFF,F45F73DE25E3FD03EC6F4920,9A17AB7EF5711E8B78961DD3); runOnlyForDeploymentPostprocessing = 0; };
6E431EB0650617AA1756B320 = { isa = PBXSourcesBuildPhase; buildActionMask = 2147483647; files = (2EE6A42E356D2BC61E6E905D); runOnlyForDeploymentPostprocessing = 0; };
78AE8C6BEB2A40A6D824CCEE = { isa = PBXFrameworksBuildPhase; buildActionMask = 2147483647; files = (ABFE60E429B642B2B45ADF15); runOnlyForDeploymentPostprocessing = 0; };
1ABF84E55BD30AC2CEF8FC42 = { isa = PBXFrameworksBuildPhase; buildActionMask = 2147483647; files = (); runOnlyForDeploymentPostprocessing = 0; };
D799BAE6088A90139B415FCC = { isa = PBXContainerItemProxy; containerPortal = 98F54143AB4E86B28C3AFEE0; proxyType = 1; remoteGlobalIDString = 7D1043473D55BFA90E8530D3; remoteInfo = PersonalLife; };
DE58E2B17C19600779694943 = { isa = PBXTargetDependency; target = 7D1043473D55BFA90E8530D3; targetProxy = D799BAE6088A90139B415FCC; };
89E1FD6268CC0F221A2BE178 = { isa = XCBuildConfiguration; buildSettings = { ONLY_ACTIVE_ARCH = "YES"; SDKROOT = "macosx"; MACOSX_DEPLOYMENT_TARGET = "14.0"; SWIFT_VERSION = "5.0"; CODE_SIGN_IDENTITY = "-"; CODE_SIGN_STYLE = "Manual"; ENABLE_HARDENED_RUNTIME = "NO"; CLANG_ENABLE_MODULES = "YES"; SWIFT_OPTIMIZATION_LEVEL = "-Onone"; }; name = Debug; };
E6DE6C99132752C914FEF632 = { isa = XCBuildConfiguration; buildSettings = { ONLY_ACTIVE_ARCH = "YES"; SDKROOT = "macosx"; MACOSX_DEPLOYMENT_TARGET = "14.0"; SWIFT_VERSION = "5.0"; CODE_SIGN_IDENTITY = "-"; CODE_SIGN_STYLE = "Manual"; ENABLE_HARDENED_RUNTIME = "NO"; CLANG_ENABLE_MODULES = "YES"; SWIFT_OPTIMIZATION_LEVEL = "-O"; }; name = Release; };
49EA05A46B1A86EA7E413B43 = { isa = XCConfigurationList; buildConfigurations = (89E1FD6268CC0F221A2BE178,E6DE6C99132752C914FEF632); defaultConfigurationIsVisible = 0; defaultConfigurationName = Release; };
E9B2E96ABC5F6856F2BE79CF = { isa = XCBuildConfiguration; buildSettings = { ONLY_ACTIVE_ARCH = "YES"; SDKROOT = "macosx"; MACOSX_DEPLOYMENT_TARGET = "14.0"; SWIFT_VERSION = "5.0"; CODE_SIGN_IDENTITY = "-"; CODE_SIGN_STYLE = "Manual"; ENABLE_HARDENED_RUNTIME = "NO"; CLANG_ENABLE_MODULES = "YES"; SWIFT_OPTIMIZATION_LEVEL = "-Onone"; GENERATE_INFOPLIST_FILE = "YES"; PRODUCT_NAME = "PersonalLife"; PRODUCT_BUNDLE_IDENTIFIER = "com.xunisgood.personallife.uitestapp"; SWIFT_EMIT_LOC_STRINGS = "NO"; LD_RUNPATH_SEARCH_PATHS = "$(inherited) @executable_path/../Frameworks @loader_path/../Frameworks"; INFOPLIST_KEY_CFBundleDisplayName = "我的日常 UI 测试"; INFOPLIST_KEY_LSApplicationCategoryType = "public.app-category.productivity"; ENABLE_APP_SANDBOX = "NO"; MARKETING_VERSION = "0.1.0"; CURRENT_PROJECT_VERSION = "1"; }; name = Debug; };
5A8C91857F674E16E2724F47 = { isa = XCBuildConfiguration; buildSettings = { ONLY_ACTIVE_ARCH = "YES"; SDKROOT = "macosx"; MACOSX_DEPLOYMENT_TARGET = "14.0"; SWIFT_VERSION = "5.0"; CODE_SIGN_IDENTITY = "-"; CODE_SIGN_STYLE = "Manual"; ENABLE_HARDENED_RUNTIME = "NO"; CLANG_ENABLE_MODULES = "YES"; SWIFT_OPTIMIZATION_LEVEL = "-O"; GENERATE_INFOPLIST_FILE = "YES"; PRODUCT_NAME = "PersonalLife"; PRODUCT_BUNDLE_IDENTIFIER = "com.xunisgood.personallife.uitestapp"; SWIFT_EMIT_LOC_STRINGS = "NO"; LD_RUNPATH_SEARCH_PATHS = "$(inherited) @executable_path/../Frameworks @loader_path/../Frameworks"; INFOPLIST_KEY_CFBundleDisplayName = "我的日常 UI 测试"; INFOPLIST_KEY_LSApplicationCategoryType = "public.app-category.productivity"; ENABLE_APP_SANDBOX = "NO"; MARKETING_VERSION = "0.1.0"; CURRENT_PROJECT_VERSION = "1"; }; name = Release; };
8A8642C6B28662881237D956 = { isa = XCConfigurationList; buildConfigurations = (E9B2E96ABC5F6856F2BE79CF,5A8C91857F674E16E2724F47); defaultConfigurationIsVisible = 0; defaultConfigurationName = Release; };
FCB48D8F88BCDB0ED9FADFD7 = { isa = XCBuildConfiguration; buildSettings = { ONLY_ACTIVE_ARCH = "YES"; SDKROOT = "macosx"; MACOSX_DEPLOYMENT_TARGET = "14.0"; SWIFT_VERSION = "5.0"; CODE_SIGN_IDENTITY = "-"; CODE_SIGN_STYLE = "Manual"; ENABLE_HARDENED_RUNTIME = "NO"; CLANG_ENABLE_MODULES = "YES"; SWIFT_OPTIMIZATION_LEVEL = "-Onone"; GENERATE_INFOPLIST_FILE = "YES"; PRODUCT_NAME = "PersonalLifeUITests"; PRODUCT_BUNDLE_IDENTIFIER = "com.xunisgood.personallife.uitests"; SWIFT_EMIT_LOC_STRINGS = "NO"; LD_RUNPATH_SEARCH_PATHS = "$(inherited) @executable_path/../Frameworks @loader_path/../Frameworks"; TEST_TARGET_NAME = "PersonalLifeDesktop"; ENABLE_APP_SANDBOX = "NO"; }; name = Debug; };
942EEBBACD6C88CAE7F29B29 = { isa = XCBuildConfiguration; buildSettings = { ONLY_ACTIVE_ARCH = "YES"; SDKROOT = "macosx"; MACOSX_DEPLOYMENT_TARGET = "14.0"; SWIFT_VERSION = "5.0"; CODE_SIGN_IDENTITY = "-"; CODE_SIGN_STYLE = "Manual"; ENABLE_HARDENED_RUNTIME = "NO"; CLANG_ENABLE_MODULES = "YES"; SWIFT_OPTIMIZATION_LEVEL = "-O"; GENERATE_INFOPLIST_FILE = "YES"; PRODUCT_NAME = "PersonalLifeUITests"; PRODUCT_BUNDLE_IDENTIFIER = "com.xunisgood.personallife.uitests"; SWIFT_EMIT_LOC_STRINGS = "NO"; LD_RUNPATH_SEARCH_PATHS = "$(inherited) @executable_path/../Frameworks @loader_path/../Frameworks"; TEST_TARGET_NAME = "PersonalLifeDesktop"; ENABLE_APP_SANDBOX = "NO"; }; name = Release; };
72C322F0960ECAD6090B486F = { isa = XCConfigurationList; buildConfigurations = (FCB48D8F88BCDB0ED9FADFD7,942EEBBACD6C88CAE7F29B29); defaultConfigurationIsVisible = 0; defaultConfigurationName = Release; };
7D1043473D55BFA90E8530D3 = { isa = PBXNativeTarget; buildConfigurationList = 8A8642C6B28662881237D956; buildPhases = (971ED9D05B25DB6C4D7680D4,78AE8C6BEB2A40A6D824CCEE); buildRules = (); dependencies = (); name = PersonalLifeDesktop; packageProductDependencies = (94A0426E8D3203DA5468CCF0); productName = PersonalLife; productReference = 8BCD5BC4CDFDF0918087C782; productType = "com.apple.product-type.application"; };
A94A8FE5CCB19BA61C4C0873 = { isa = PBXNativeTarget; buildConfigurationList = 72C322F0960ECAD6090B486F; buildPhases = (6E431EB0650617AA1756B320,1ABF84E55BD30AC2CEF8FC42); buildRules = (); dependencies = (DE58E2B17C19600779694943); name = PersonalLifeUITests; productName = PersonalLifeUITests; productReference = F219C0274590DA45E4BEF1EA; productType = "com.apple.product-type.bundle.ui-testing"; };
98F54143AB4E86B28C3AFEE0 = { isa = PBXProject; attributes = { LastUpgradeCheck = 2630; }; buildConfigurationList = 49EA05A46B1A86EA7E413B43; compatibilityVersion = "Xcode 14.0"; developmentRegion = zh-Hans; hasScannedForEncodings = 0; knownRegions = (en, "zh-Hans", Base); mainGroup = E50290A24C49A459B43487C5; productRefGroup = FBDC4F23F93125BBEEAE800C; projectDirPath = ""; projectRoot = ""; packageReferences = (582681C2EAE02B3F3D399C0C); targets = (7D1043473D55BFA90E8530D3,A94A8FE5CCB19BA61C4C0873); };
}; rootObject = 98F54143AB4E86B28C3AFEE0; }
